// !$*UTF8*$!
{
	archiveVersion = 1;
	classes = {
	};
	objectVersion = 46;
	objects = {

/* Begin PBXBuildFile section */
		600416521EA2351300A70495 /* AppDelegate.swift in Sources */ = {isa = PBXBuildFile; fileRef = 600416511EA2351300A70495 /* AppDelegate.swift */; };
		600416541EA2351300A70495 /* ViewController.swift in Sources */ = {isa = PBXBuildFile; fileRef = 600416531EA2351300A70495 /* ViewController.swift */; };
		600416571EA2351300A70495 /* Main.storyboard in Resources */ = {isa = PBXBuildFile; fileRef = 600416551EA2351300A70495 /* Main.storyboard */; };
		600416591EA2351300A70495 /* Assets.xcassets in Resources */ = {isa = PBXBuildFile; fileRef = 600416581EA2351300A70495 /* Assets.xcassets */; };
		6004165C1EA2351300A70495 /* LaunchScreen.storyboard in Resources */ = {isa = PBXBuildFile; fileRef = 6004165A1EA2351300A70495 /* LaunchScreen.storyboard */; };
/* End PBXBuildFile section */

/* Begin PBXFileReference section */
		6004164E1EA2351300A70495 /* small-helloword.app */ = {isa = PBXFileReference; explicitFileType = wrapper.application; includeInIndex = 0; path = "small-helloword.app"; sourceTree = BUILT_PRODUCTS_DIR; };
		600416511EA2351300A70495 /* AppDelegate.swift */ = {isa = PBXFileReference; lastKnownFileType = sourcecode.swift; path = AppDelegate.swift; sourceTree = "<group>"; };
		600416531EA2351300A70495 /* ViewController.swift */ = {isa = PBXFileReference; lastKnownFileType = sourcecode.swift; path = ViewController.swift; sourceTree = "<group>"; };
		600416561EA2351300A70495 /* Base */ = {isa = PBXFileReference; lastKnownFileType = file.storyboard; name = Base; path = Base.lproj/Main.storyboard; sourceTree = "<group>"; };
		600416581EA2351300A70495 /* Assets.xcassets */ = {isa = PBXFileReference; lastKnownFileType = folder.assetcatalog; path = Assets.xcassets; sourceTree = "<group>"; };
		6004165B1EA2351300A70495 /* Base */ = {isa = PBXFileReference; lastKnownFileType = file.storyboard; name = Base; path = Base.lproj/LaunchScreen.storyboard; sourceTree = "<group>"; };
		6004165D1EA2351300A70495 /* Info.plist */ = {isa = PBXFileReference; lastKnownFileType = text.plist.xml; path = Info.plist; sourceTree = "<group>"; };
/* End PBXFileReference section */

/* Begin PBXFrameworksBuildPhase section */
		6004164B1EA2351300A70495 /* Frameworks */ = {
			isa = PBXFrameworksBuildPhase;
			buildActionMask = 2147483647;
			files = (
			);
			runOnlyForDeploymentPostprocessing = 0;
		};
/* End PBXFrameworksBuildPhase section */

/* Begin PBXGroup section */
		600416451EA2351300A70495 = {
			isa = PBXGroup;
			children = (
				600416501EA2351300A70495 /* small-helloword */,
				6004164F1EA2351300A70495 /* Products */,
			);
			sourceTree = "<group>";
		};
		6004164F1EA2351300A70495 /* Products */ = {
			isa = PBXGroup;
			children = (
				6004164E1EA2351300A70495 /* small-helloword.app */,
			);
			name = Products;
			sourceTree = "<group>";
		};
		600416501EA2351300A70495 /* small-helloword */ = {
			isa = PBXGroup;
			children = (
				600416511EA2351300A70495 /* AppDelegate.swift */,
				600416531EA2351300A70495 /* ViewController.swift */,
				600416551EA2351300A70495 /* Main.storyboard */,
				600416581EA2351300A70495 /* Assets.xcassets */,
				6004165A1EA2351300A70495 /* LaunchScreen.storyboard */,
				6004165D1EA2351300A70495 /* Info.plist */,
			);
			path = "small-helloword";
			sourceTree = "<group>";
		};
/* End PBXGroup section */

/* Begin PBXNativeTarget section */
		6004164D1EA2351300A70495 /* small-helloword */ = {
			isa = PBXNativeTarget;
			buildConfigurationList = 600416601EA2351300A70495 /* Build configuration list for PBXNativeTarget "small-helloword" */;
			buildPhases = (
				6004164A1EA2351300A70495 /* Sources */,
				6004164B1EA2351300A70495 /* Frameworks */,
				6004164C1EA2351300A70495 /* Resources */,
			);
			buildRules = (
			);
			dependencies = (
			);
			name = "small-helloword";
			productName = "small-helloword";
			productReference = 6004164E1EA2351300A70495 /* small-helloword.app */;
			productType = "com.apple.product-type.application";
		};
/* End PBXNativeTarget section */

/* Begin PBXProject section */
		600416461EA2351300A70495 /* Project object */ = {
			isa = PBXProject;
			attributes = {
				LastSwiftUpdateCheck = 0830;
				LastUpgradeCheck = 0830;
				ORGANIZATIONNAME = gkgy;
				TargetAttributes = {
					6004164D1EA2351300A70495 = {
						CreatedOnToolsVersion = 8.3;
						ProvisioningStyle = Automatic;
					};
				};
			};
			buildConfigurationList = 600416491EA2351300A70495 /* Build configuration list for PBXProject "small-helloword" */;
			compatibilityVersion = "Xcode 3.2";
			developmentRegion = English;
			hasScannedForEncodings = 0;
			knownRegions = (
				en,
				Base,
			);
			mainGroup = 600416451EA2351300A70495;
			productRefGroup = 6004164F1EA2351300A70495 /* Products */;
			projectDirPath = "";
			projectRoot = "";
			targets = (
				6004164D1EA2351300A70495 /* small-helloword */,
			);
		};
/* End PBXProject section */

/* Begin PBXResourcesBuildPhase section */
		6004164C1EA2351300A70495 /* Resources */ = {
			isa = PBXResourcesBuildPhase;
			buildActionMask = 2147483647;
			files = (
				6004165C1EA2351300A70495 /* LaunchScreen.storyboard in Resources */,
				600416591EA2351300A70495 /* Assets.xcassets in Resources */,
				600416571EA2351300A70495 /* Main.storyboard in Resources */,
			);
			runOnlyForDeploymentPostprocessing = 0;
		};
/* End PBXResourcesBuildPhase section */

/* Begin PBXSourcesBuildPhase section */
		6004164A1EA2351300A70495 /* Sources */ = {
			isa = PBXSourcesBuildPhase;
			buildActionMask = 2147483647;
			files = (
				600416541EA2351300A70495 /* ViewController.swift in Sources */,
				600416521EA2351300A70495 /* AppDelegate.swift in Sources */,
			);
			runOnlyForDeploymentPostprocessing = 0;
		};
/* End PBXSourcesBuildPhase section */

/* Begin PBXVariantGroup section */
		600416551EA2351300A70495 /* Main.storyboard */ = {
			isa = PBXVariantGroup;
			children = (
				600416561EA2351300A70495 /* Base */,
			);
			name = Main.storyboard;
			sourceTree = "<group>";
		};
		6004165A1EA2351300A70495 /* LaunchScreen.storyboard */ = {
			isa = PBXVariantGroup;
			children = (
				6004165B1EA2351300A70495 /* Base */,
			);
			name = LaunchScreen.storyboard;
			sourceTree = "<group>";
		};
/* End PBXVariantGroup section */

/* Begin XCBuildConfiguration section */
		6004165E1EA2351300A70495 /* Debug */ = {
			isa = XCBuildConfiguration;
			buildSettings = {
				ALWAYS_SEARCH_USER_PATHS = NO;
				CLANG_ANALYZER_NONNULL = YES;
				CLANG_ANALYZER_NUMBER_OBJECT_CONVERSION = YES_AGGRESSIVE;
				CLANG_CXX_LANGUAGE_STANDARD = "gnu++0x";
				CLANG_CXX_LIBRARY = "libc++";
				CLANG_ENABLE_MODULES = YES;
				CLANG_ENABLE_OBJC_ARC = YES;
				CLANG_WARN_BOOL_CONVERSION = YES;
				CLANG_WARN_CONSTANT_CONVERSION = YES;
				CLANG_WARN_DIRECT_OBJC_ISA_USAGE = YES_ERROR;
				CLANG_WARN_DOCUMENTATION_COMMENTS = YES;
				CLANG_WARN_EMPTY_BODY = YES;
				CLANG_WARN_ENUM_CONVERSION = YES;
				CLANG_WARN_INFINITE_RECURSION = YES;
				CLANG_WARN_INT_CONVERSION = YES;
				CLANG_WARN_OBJC_ROOT_CLASS = YES_ERROR;
				CLANG_WARN_SUSPICIOUS_MOVE = YES;
				CLANG_WARN_UNREACHABLE_CODE = YES;
				CLANG_WARN__DUPLICATE_METHOD_MATCH = YES;
				"CODE_SIGN_IDENTITY[sdk=iphoneos*]" = "iPhone Developer";
				COPY_PHASE_STRIP = NO;
				DEBUG_INFORMATION_FORMAT = dwarf;
				ENABLE_STRICT_OBJC_MSGSEND = YES;
				ENABLE_TESTABILITY = YES;
				GCC_C_LANGUAGE_STANDARD = gnu99;
				GCC_DYNAMIC_NO_PIC = NO;
				GCC_NO_COMMON_BLOCKS = YES;
				GCC_OPTIMIZATION_LEVEL = 0;
				GCC_PREPROCESSOR_DEFINITIONS = (
					"DEBUG=1",
					"$(inherited)",
				);
				GCC_WARN_64_TO_32_BIT_CONVERSION = YES;
				GCC_WARN_ABOUT_RETURN_TYPE = YES_ERROR;
				GCC_WARN_UNDECLARED_SELECTOR = YES;
				GCC_WARN_UNINITIALIZED_AUTOS = YES_AGGRESSIVE;
				GCC_WARN_UNUSED_FUNCTION = YES;
				GCC_WARN_UNUSED_VARIABLE = YES;
				IPHONEOS_DEPLOYMENT_TARGET = 10.3;
				MTL_ENABLE_DEBUG_INFO = YES;
				ONLY_ACTIVE_ARCH = YES;
				SDKROOT = iphoneos;
				SWIFT_ACTIVE_COMPILATION_CONDITIONS = DEBUG;
				SWIFT_OPTIMIZATION_LEVEL = "-Onone";
			};
			name = Debug;
		};
		6004165F1EA2351300A70495 /* Release */ = {
			isa = XCBuildConfiguration;
			buildSettings = {
				ALWAYS_SEARCH_USER_PATHS = NO;
				CLANG_ANALYZER_NONNULL = YES;
				CLANG_ANALYZER_NUMBER_OBJECT_CONVERSION = YES_AGGRESSIVE;
				CLANG_CXX_LANGUAGE_STANDARD = "gnu++0x";
				CLANG_CXX_LIBRARY = "libc++";
				CLANG_ENABLE_MODULES = YES;
				CLANG_ENABLE_OBJC_ARC = YES;
				CLANG_WARN_BOOL_CONVERSION = YES;
				CLANG_WARN_CONSTANT_CONVERSION = YES;
				CLANG_WARN_DIRECT_OBJC_ISA_USAGE = YES_ERROR;
				CLANG_WARN_DOCUMENTATION_COMMENTS = YES;
				CLANG_WARN_EMPTY_BODY = YES;
				CLANG_WARN_ENUM_CONVERSION = YES;
				CLANG_WARN_INFINITE_RECURSION = YES;
				CLANG_WARN_INT_CONVERSION = YES;
				CLANG_WARN_OBJC_ROOT_CLASS = YES_ERROR;
				CLANG_WARN_SUSPICIOUS_MOVE = YES;
				CLANG_WARN_UNREACHABLE_CODE = YES;
				CLANG_WARN__DUPLICATE_METHOD_MATCH = YES;
				"CODE_SIGN_IDENTITY[sdk=iphoneos*]" = "iPhone Developer";
				COPY_PHASE_STRIP = NO;
				DEBUG_INFORMATION_FORMAT = "dwarf-with-dsym";
				ENABLE_NS_ASSERTIONS = NO;
				ENABLE_STRICT_OBJC_MSGSEND = YES;
				GCC_C_LANGUAGE_STANDARD = gnu99;
				GCC_NO_COMMON_BLOCKS = YES;
				GCC_WARN_64_TO_32_BIT_CONVERSION = YES;
				GCC_WARN_ABOUT_RETURN_TYPE = YES_ERROR;
				GCC_WARN_UNDECLARED_SELECTOR = YES;
				GCC_WARN_UNINITIALIZED_AUTOS = YES_AGGRESSIVE;
				GCC_WARN_UNUSED_FUNCTION = YES;
				GCC_WARN_UNUSED_VARIABLE = YES;
				IPHONEOS_DEPLOYMENT_TARGET = 10.3;
				MTL_ENABLE_DEBUG_INFO = NO;
				SDKROOT = iphoneos;
				SWIFT_OPTIMIZATION_LEVEL = "-Owholemodule";
				VALIDATE_PRODUCT = YES;
			};
			name = Release;
		};
		600416611EA2351300A70495 /* Debug */ = {
			isa = XCBuildConfiguration;
			buildSettings = {
				ASSETCATALOG_COMPILER_APPICON_NAME = AppIcon;
				INFOPLIST_FILE = "small-helloword/Info.plist";
				LD_RUNPATH_SEARCH_PATHS = "$(inherited) @executable_path/Frameworks";
				PRODUCT_BUNDLE_IDENTIFIER = "com.cnblogs.small-helloword";
				PRODUCT_NAME = "$(TARGET_NAME)";
				SWIFT_VERSION = 3.0;
			};
			name = Debug;
		};
		600416621EA2351300A70495 /* Release */ = {
			isa = XCBuildConfiguration;
			buildSettings = {
				ASSETCATALOG_COMPILER_APPICON_NAME = AppIcon;
				INFOPLIST_FILE = "small-helloword/Info.plist";
				LD_RUNPATH_SEARCH_PATHS = "$(inherited) @executable_path/Frameworks";
				PRODUCT_BUNDLE_IDENTIFIER = "com.cnblogs.small-helloword";
				PRODUCT_NAME = "$(TARGET_NAME)";
				SWIFT_VERSION = 3.0;
			};
			name = Release;
		};
/* End XCBuildConfiguration section */

/* Begin XCConfigurationList section */
		600416491EA2351300A70495 /* Build configuration list for PBXProject "small-helloword" */ = {
			isa = XCConfigurationList;
			buildConfigurations = (
				6004165E1EA2351300A70495 /* Debug */,
				6004165F1EA2351300A70495 /* Release */,
			);
			defaultConfigurationIsVisible = 0;
			defaultConfigurationName = Release;
		};
		600416601EA2351300A70495 /* Build configuration list for PBXNativeTarget "small-helloword" */ = {
			isa = XCConfigurationList;
			buildConfigurations = (
				600416611EA2351300A70495 /* Debug */,
				600416621EA2351300A70495 /* Release */,
			);
			defaultConfigurationIsVisible = 0;
		};
/* End XCConfigurationList section */
	};
	rootObject = 600416461EA2351300A70495 /* Project object */;
}
